PODS:
  - BoringSSL (10.0.6):
    - BoringSSL/Implementation (= 10.0.6)
    - BoringSSL/Interface (= 10.0.6)
  - BoringSSL/Implementation (10.0.6):
    - BoringSSL/Interface (= 10.0.6)
  - BoringSSL/Interface (10.0.6)
  - BVLinearGradient (2.4.0):
    - React
  - Firebase/AdMob (4.7.0):
    - Firebase/Core
    - Google-Mobile-Ads-SDK (= 7.26.0)
  - Firebase/Analytics (4.7.0):
    - Firebase/Core
  - Firebase/Auth (4.7.0):
    - Firebase/Core
    - FirebaseAuth (= 4.4.0)
  - Firebase/Core (4.7.0):
    - FirebaseAnalytics (= 4.0.5)
    - FirebaseCore (= 4.0.12)
  - Firebase/Crash (4.7.0):
    - Firebase/Core
    - FirebaseCrash (= 2.0.2)
  - Firebase/Database (4.7.0):
    - Firebase/Core
    - FirebaseDatabase (= 4.1.2)
  - Firebase/DynamicLinks (4.7.0):
    - Firebase/Core
    - FirebaseDynamicLinks (= 2.3.0)
  - Firebase/Firestore (4.7.0):
    - Firebase/Core
    - FirebaseFirestore (= 0.9.3)
  - Firebase/Messaging (4.7.0):
    - Firebase/Core
    - FirebaseMessaging (= 2.0.7)
  - Firebase/Performance (4.7.0):
    - Firebase/Core
    - FirebasePerformance (= 1.0.7)
  - Firebase/RemoteConfig (4.7.0):
    - Firebase/Core
    - FirebaseRemoteConfig (= 2.1.0)
  - Firebase/Storage (4.7.0):
    - Firebase/Core
    - FirebaseStorage (= 2.1.0)
  - FirebaseABTesting (1.0.0):
    - FirebaseCore (~> 4.0)
    - Protobuf (~> 3.1)
  - FirebaseAnalytics (4.0.5):
    - FirebaseCore (~> 4.0)
    - FirebaseInstanceID (~> 2.0)
    - "GoogleToolboxForMac/NSData+zlib (~> 2.1)"
    - nanopb (~> 0.3)
  - FirebaseAuth (4.4.0):
    - FirebaseAnalytics (~> 4.0)
    - "GoogleToolboxForMac/NSDictionary+URLArguments (~> 2.1)"
    - GTMSessionFetcher/Core (~> 1.1)
  - FirebaseCore (4.0.12):
    - "GoogleToolboxForMac/NSData+zlib (~> 2.1)"
  - FirebaseCrash (2.0.2):
    - FirebaseAnalytics (~> 4.0)
    - FirebaseInstanceID (~> 2.0)
    - GoogleToolboxForMac/Logger (~> 2.1)
    - "GoogleToolboxForMac/NSData+zlib (~> 2.1)"
    - Protobuf (~> 3.1)
  - FirebaseDatabase (4.1.2):
    - FirebaseAnalytics (~> 4.0)
    - FirebaseCore (~> 4.0)
    - leveldb-library (~> 1.18)
  - FirebaseDynamicLinks (2.3.0):
    - FirebaseAnalytics (~> 4.0)
  - FirebaseFirestore (0.9.3):
    - FirebaseAnalytics (~> 4.0)
    - FirebaseAuth (~> 4.4)
    - FirebaseCore (~> 4.0)
    - gRPC-ProtoRPC (~> 1.0)
    - leveldb-library (~> 1.18)
    - Protobuf (~> 3.1)
  - FirebaseInstanceID (2.0.10):
    - FirebaseCore (~> 4.0)
  - FirebaseMessaging (2.0.7):
    - FirebaseAnalytics (~> 4.0)
    - FirebaseCore (~> 4.0)
    - FirebaseInstanceID (~> 2.0)
    - GoogleToolboxForMac/Logger (~> 2.1)
    - Protobuf (~> 3.1)
  - FirebasePerformance (1.0.7):
    - FirebaseAnalytics (~> 4.0)
    - FirebaseInstanceID (~> 2.0)
    - FirebaseSwizzlingUtilities (~> 1.0)
    - GoogleToolboxForMac/Logger (~> 2.1)
    - "GoogleToolboxForMac/NSData+zlib (~> 2.1)"
    - GTMSessionFetcher/Core (~> 1.1)
    - Protobuf (~> 3.1)
  - FirebaseRemoteConfig (2.1.0):
    - FirebaseABTesting (~> 1.0)
    - FirebaseAnalytics (~> 4.0)
    - FirebaseInstanceID (~> 2.0)
    - "GoogleToolboxForMac/NSData+zlib (~> 2.1)"
    - Protobuf (~> 3.1)
  - FirebaseStorage (2.1.0):
    - FirebaseAnalytics (~> 4.0)
    - FirebaseCore (~> 4.0)
    - GTMSessionFetcher/Core (~> 1.1)
  - FirebaseSwizzlingUtilities (1.0.0)
  - Google-Mobile-Ads-SDK (7.26.0)
  - GoogleToolboxForMac/DebugUtils (2.1.4):
    - GoogleToolboxForMac/Defines (= 2.1.4)
  - GoogleToolboxForMac/Defines (2.1.4)
  - GoogleToolboxForMac/Logger (2.1.4):
    - GoogleToolboxForMac/Defines (= 2.1.4)
  - "GoogleToolboxForMac/NSData+zlib (2.1.4)":
    - GoogleToolboxForMac/Defines (= 2.1.4)
  - "GoogleToolboxForMac/NSDictionary+URLArguments (2.1.4)":
    - GoogleToolboxForMac/DebugUtils (= 2.1.4)
    - GoogleToolboxForMac/Defines (= 2.1.4)
    - "GoogleToolboxForMac/NSString+URLArguments (= 2.1.4)"
  - "GoogleToolboxForMac/NSString+URLArguments (2.1.4)"
  - gRPC (1.14.0):
    - gRPC-RxLibrary (= 1.14.0)
    - gRPC/Main (= 1.14.0)
  - gRPC-Core (1.14.0):
    - gRPC-Core/Implementation (= 1.14.0)
    - gRPC-Core/Interface (= 1.14.0)
  - gRPC-Core/Implementation (1.14.0):
    - BoringSSL (~> 10.0)
    - gRPC-Core/Interface (= 1.14.0)
    - nanopb (~> 0.3)
  - gRPC-Core/Interface (1.14.0)
  - gRPC-ProtoRPC (1.14.0):
    - gRPC-ProtoRPC/Main (= 1.14.0)
  - gRPC-ProtoRPC/Main (1.14.0):
    - gRPC (= 1.14.0)
    - gRPC-RxLibrary (= 1.14.0)
    - Protobuf (~> 3.0)
  - gRPC-RxLibrary (1.14.0)
  - gRPC/Main (1.14.0):
    - gRPC-Core (= 1.14.0)
    - gRPC-RxLibrary (= 1.14.0)
  - GTMSessionFetcher/Core (1.2.0)
  - leveldb-library (1.20)
  - nanopb (0.3.8):
    - nanopb/decode (= 0.3.8)
    - nanopb/encode (= 0.3.8)
  - nanopb/decode (0.3.8)
  - nanopb/encode (0.3.8)
  - Protobuf (3.6.0)
  - React (0.50.4):
    - React/Core (= 0.50.4)
  - react-native-calendar-events (1.4.3):
    - React
  - react-native-image-picker (0.14.3):
    - React
  - React/ART (0.50.4):
    - React/Core
  - React/Core (0.50.4):
    - yoga (= 0.50.4.React)
  - React/DevSupport (0.50.4):
    - React/Core
    - React/RCTWebSocket
  - React/fishhook (0.50.4)
  - React/RCTActionSheet (0.50.4):
    - React/Core
  - React/RCTAnimation (0.50.4):
    - React/Core
  - React/RCTBlob (0.50.4):
    - React/Core
  - React/RCTGeolocation (0.50.4):
    - React/Core
  - React/RCTImage (0.50.4):
    - React/Core
    - React/RCTNetwork
  - React/RCTLinkingIOS (0.50.4):
    - React/Core
  - React/RCTNetwork (0.50.4):
    - React/Core
  - React/RCTSettings (0.50.4):
    - React/Core
  - React/RCTText (0.50.4):
    - React/Core
  - React/RCTVibration (0.50.4):
    - React/Core
  - React/RCTWebSocket (0.50.4):
    - React/Core
    - React/fishhook
    - React/RCTBlob
  - RNVectorIcons (4.5.0):
    - React
  - yoga (0.50.4.React)

DEPENDENCIES:
  - BVLinearGradient (from `../node_modules/react-native-linear-gradient`)
  - Firebase/AdMob
  - Firebase/Analytics
  - Firebase/Auth
  - Firebase/Core (~> 4.7.0)
  - Firebase/Crash
  - Firebase/Database
  - Firebase/DynamicLinks
  - Firebase/Firestore
  - Firebase/Messaging
  - Firebase/Performance
  - Firebase/RemoteConfig
  - Firebase/Storage
  - FirebaseSwizzlingUtilities (= 1.0.0)
  - react-native-calendar-events (from `../node_modules/react-native-calendar-events`)
  - react-native-image-picker (from `../node_modules/react-native-image-picker`)
  - React/ART (from `../node_modules/react-native`)
  - React/Core (from `../node_modules/react-native`)
  - React/DevSupport (from `../node_modules/react-native`)
  - React/RCTActionSheet (from `../node_modules/react-native`)
  - React/RCTAnimation (from `../node_modules/react-native`)
  - React/RCTGeolocation (from `../node_modules/react-native`)
  - React/RCTImage (from `../node_modules/react-native`)
  - React/RCTLinkingIOS (from `../node_modules/react-native`)
  - React/RCTNetwork (from `../node_modules/react-native`)
  - React/RCTSettings (from `../node_modules/react-native`)
  - React/RCTText (from `../node_modules/react-native`)
  - React/RCTVibration (from `../node_modules/react-native`)
  - React/RCTWebSocket (from `../node_modules/react-native`)
  - RNVectorIcons (from `../node_modules/react-native-vector-icons`)
  - yoga (from `../node_modules/react-native/ReactCommon/yoga`)

SPEC REPOS:
  https://github.com/cocoapods/specs.git:
    - BoringSSL
    - Firebase
    - FirebaseABTesting
    - FirebaseAnalytics
    - FirebaseAuth
    - FirebaseCore
    - FirebaseCrash
    - FirebaseDatabase
    - FirebaseDynamicLinks
    - FirebaseFirestore
    - FirebaseInstanceID
    - FirebaseMessaging
    - FirebasePerformance
    - FirebaseRemoteConfig
    - FirebaseStorage
    - FirebaseSwizzlingUtilities
    - Google-Mobile-Ads-SDK
    - GoogleToolboxForMac
    - gRPC
    - gRPC-Core
    - gRPC-ProtoRPC
    - gRPC-RxLibrary
    - GTMSessionFetcher
    - leveldb-library
    - nanopb
    - Protobuf

EXTERNAL SOURCES:
  BVLinearGradient:
    :path: "../node_modules/react-native-linear-gradient"
  React:
    :path: "../node_modules/react-native"
  react-native-calendar-events:
    :path: "../node_modules/react-native-calendar-events"
  react-native-image-picker:
    :path: "../node_modules/react-native-image-picker"
  RNVectorIcons:
    :path: "../node_modules/react-native-vector-icons"
  yoga:
    :path: "../node_modules/react-native/ReactCommon/yoga"

SPEC CHECKSUMS:
  BoringSSL: e10f92a27043805c01071fe815a5cd98ae8212e7
  BVLinearGradient: 4b3f3bdf1ac1a52a5ef5e65c9585d793a7c3f825
  Firebase: dbfb98ccec2dcfcd21ab9cc1b4981a3f3c8c5e26
  FirebaseABTesting: d07d0ee833b842d5153549e4c7e2e2cb1c23a3f9
  FirebaseAnalytics: 5b02a63ead2c3f0259cfc7f15e053e440587ecf8
  FirebaseAuth: cdeee95b528958dbb7dcf220ad0fb804d3a284b0
  FirebaseCore: 6cf108b63997bc08c04a1ffa55a3ac0d71a59ffc
  FirebaseCrash: a7d980468dc8aa2db9792493c3e02722d601f6ab
  FirebaseDatabase: 18ecb23e15c7f58bb0c4527e9cace06897cc40ca
  FirebaseDynamicLinks: b75f5b4dcfc3c9b7889e1283632359e5431264e7
  FirebaseFirestore: 0b62fdbe420f2f88b6b2037ba4d92bbd4525e04a
  FirebaseInstanceID: 8d20d890d65c917f9f7d9950b6e10a760ad34321
  FirebaseMessaging: 1a11d1c0a9ed9b3f75a0685bb0ae5932e1062f5f
  FirebasePerformance: de71cd3093d4cf579d8a65326557cbe67bad6e80
  FirebaseRemoteConfig: 451fe8e9c43ac1e7a137ad2a42189bfc8c2c3ebc
  FirebaseStorage: 0930e97994dc79b404179bdfafb6b16f59433a82
  FirebaseSwizzlingUtilities: f1c49a5a372ac852c853722a5891a0a5e2344a6c
  Google-Mobile-Ads-SDK: 22d4a6fe18d526adcc12a86d8cc2d53872700966
  GoogleToolboxForMac: 91c824d21e85b31c2aae9bb011c5027c9b4e738f
  gRPC: 9d4c549f37c7cef22478634bac7a0405b6e3dbfb
  gRPC-Core: f4836515817c0eb479aeeb9cc27c91c4ba62a9f6
  gRPC-ProtoRPC: 76f6053639a842e1fb45fa82aa598bf3f4d9f66f
  gRPC-RxLibrary: 3c305f32155024b116b780f389323c73a28197e6
  GTMSessionFetcher: 0c4baf0a73acd0041bf9f71ea018deedab5ea84e
  leveldb-library: 08cba283675b7ed2d99629a4bc5fd052cd2bb6a5
  nanopb: 5601e6bca2dbf1ed831b519092ec110f66982ca3
  Protobuf: 0fc0ad8bec688b2a3017a139953e01374fedbd5f
  React: 541ba768b9855e10cdc76f55427a5cd0653ca806
  react-native-calendar-events: fe6fbc8ed337a7423c98f2c9012b25f20444de09
  react-native-image-picker: 42cfe2c8435d893414f8714a81e480313cb1412b
  RNVectorIcons: c0dbfbf6068fefa240c37b0f71bd03b45dddac44
  yoga: 17521bbb0dd54a47c0b3ac43253e78cdac7488e0

PODFILE CHECKSUM: fc249c39aca69956844ffc1ac42428048cf1df51

COCOAPODS: 1.5.3
